
Microsoft Visual Studio Solution File, Format Version 12.00
# Visual Studio Version 16
VisualStudioVersion = 16.0.30907.101
MinimumVisualStudioVersion = 10.0.40219.1
Project("{9A19103F-16F7-4668-BE54-9A1E7A4F7556}") = "TypesAndVariables", "TypesAndVariables\TypesAndVariables.csproj", "{E5E77311-9D2A-419A-B6B9-9D04BBC09CBB}"
EndProject
Project("{9A19103F-16F7-4668-BE54-9A1E7A4F7556}") = "Donguler", "Donguler\Donguler.csproj", "{80B74449-2842-4A0F-BAA9-A7BE7918B50B}"
EndProject
Project("{9A19103F-16F7-4668-BE54-9A1E7A4F7556}") = "ClassIntro", "ClassIntro\ClassIntro.csproj", "{729C9009-DF86-40FF-BC71-3F06F7C7B2D5}"
EndProject
Project("{9A19103F-16F7-4668-BE54-9A1E7A4F7556}") = "Methods", "Methods\Methods.csproj", "{D6BFE1FA-F1B1-4BA0-8C76-A8AFD179CA43}"
EndProject
Project("{9A19103F-16F7-4668-BE54-9A1E7A4F7556}") = "Matematik", "Matematik\Matematik.csproj", "{1DF73BB7-47AE-4162-991A-AD8CB9BFB2FE}"
EndProject
Project("{9A19103F-16F7-4668-BE54-9A1E7A4F7556}") = "DegerVeReferansTipler", "DegerVeReferansTipler\DegerVeReferansTipler.csproj", "{88A8C8C8-C97E-4050-8BC1-D392E907DFF6}"
EndProject
Project("{9A19103F-16F7-4668-BE54-9A1E7A4F7556}") = "OOP1", "OOP1\OOP1.csproj", "{F668FE61-B231-4FE5-BD34-BF6546D1E38B}"
EndProject
Project("{9A19103F-16F7-4668-BE54-9A1E7A4F7556}") = "Collections", "Collections\Collections.csproj", "{A7F61198-975C-4AAB-A7BB-8EDAAE5572B9}"
EndProject
Project("{9A19103F-16F7-4668-BE54-9A1E7A4F7556}") = "GenericsIntro", "GenericsIntro\GenericsIntro.csproj", "{A770FC78-9637-45F3-9D51-E7C5662DEE9A}"
EndProject
Project("{FAE04EC0-301F-11D3-BF4B-00C04F79EFBC}") = "ClassMethodDemo", "ClassMethodDemo\ClassMethodDemo.csproj", "{1545F1A6-9DFD-46E8-9596-16081EA3D671}"
EndProject
Global
	GlobalSection(SolutionConfigurationPlatforms) = preSolution
		Debug|Any CPU = Debug|Any CPU
		Release|Any CPU = Release|Any CPU
	EndGlobalSection
	GlobalSection(ProjectConfigurationPlatforms) = postSolution
		{E5E77311-9D2A-419A-B6B9-9D04BBC09CBB}.Debug|Any CPU.ActiveCfg = Debug|Any CPU
		{E5E77311-9D2A-419A-B6B9-9D04BBC09CBB}.Debug|Any CPU.Build.0 = Debug|Any CPU
		{E5E77311-9D2A-419A-B6B9-9D04BBC09CBB}.Release|Any CPU.ActiveCfg = Release|Any CPU
		{E5E77311-9D2A-419A-B6B9-9D04BBC09CBB}.Release|Any CPU.Build.0 = Release|Any CPU
		{80B74449-2842-4A0F-BAA9-A7BE7918B50B}.Debug|Any CPU.ActiveCfg = Debug|Any CPU
		{80B74449-2842-4A0F-BAA9-A7BE7918B50B}.Debug|Any CPU.Build.0 = Debug|Any CPU
		{80B74449-2842-4A0F-BAA9-A7BE7918B50B}.Release|Any CPU.ActiveCfg = Release|Any CPU
		{80B74449-2842-4A0F-BAA9-A7BE7918B50B}.Release|Any CPU.Build.0 = Release|Any CPU
		{729C9009-DF86-40FF-BC71-3F06F7C7B2D5}.Debug|Any CPU.ActiveCfg = Debug|Any CPU
		{729C9009-DF86-40FF-BC71-3F06F7C7B2D5}.Debug|Any CPU.Build.0 = Debug|Any CPU
		{729C9009-DF86-40FF-BC71-3F06F7C7B2D5}.Release|Any CPU.ActiveCfg = Release|Any CPU
		{729C9009-DF86-40FF-BC71-3F06F7C7B2D5}.Release|Any CPU.Build.0 = Release|Any CPU
		{D6BFE1FA-F1B1-4BA0-8C76-A8AFD179CA43}.Debug|Any CPU.ActiveCfg = Debug|Any CPU
		{D6BFE1FA-F1B1-4BA0-8C76-A8AFD179CA43}.Debug|Any CPU.Build.0 = Debug|Any CPU
		{D6BFE1FA-F1B1-4BA0-8C76-A8AFD179CA43}.Release|Any CPU.ActiveCfg = Release|Any CPU
		{D6BFE1FA-F1B1-4BA0-8C76-A8AFD179CA43}.Release|Any CPU.Build.0 = Release|Any CPU
		{1DF73BB7-47AE-4162-991A-AD8CB9BFB2FE}.Debug|Any CPU.ActiveCfg = Debug|Any CPU
		{1DF73BB7-47AE-4162-991A-AD8CB9BFB2FE}.Debug|Any CPU.Build.0 = Debug|Any CPU
		{1DF73BB7-47AE-4162-991A-AD8CB9BFB2FE}.Release|Any CPU.ActiveCfg = Release|Any CPU
		{1DF73BB7-47AE-4162-991A-AD8CB9BFB2FE}.Release|Any CPU.Build.0 = Release|Any CPU
		{88A8C8C8-C97E-4050-8BC1-D392E907DFF6}.Debug|Any CPU.ActiveCfg = Debug|Any CPU
		{88A8C8C8-C97E-4050-8BC1-D392E907DFF6}.Debug|Any CPU.Build.0 = Debug|Any CPU
		{88A8C8C8-C97E-4050-8BC1-D392E907DFF6}.Release|Any CPU.ActiveCfg = Release|Any CPU
		{88A8C8C8-C97E-4050-8BC1-D392E907DFF6}.Release|Any CPU.Build.0 = Release|Any CPU
		{F668FE61-B231-4FE5-BD34-BF6546D1E38B}.Debug|Any CPU.ActiveCfg = Debug|Any CPU
		{F668FE61-B231-4FE5-BD34-BF6546D1E38B}.Debug|Any CPU.Build.0 = Debug|Any CPU
		{F668FE61-B231-4FE5-BD34-BF6546D1E38B}.Release|Any CPU.ActiveCfg = Release|Any CPU
		{F668FE61-B231-4FE5-BD34-BF6546D1E38B}.Release|Any CPU.Build.0 = Release|Any CPU
		{A7F61198-975C-4AAB-A7BB-8EDAAE5572B9}.Debug|Any CPU.ActiveCfg = Debug|Any CPU
		{A7F61198-975C-4AAB-A7BB-8EDAAE5572B9}.Debug|Any CPU.Build.0 = Debug|Any CPU
		{A7F61198-975C-4AAB-A7BB-8EDAAE5572B9}.Release|Any CPU.ActiveCfg = Release|Any CPU
		{A7F61198-975C-4AAB-A7BB-8EDAAE5572B9}.Release|Any CPU.Build.0 = Release|Any CPU
		{A770FC78-9637-45F3-9D51-E7C5662DEE9A}.Debug|Any CPU.ActiveCfg = Debug|Any CPU
		{A770FC78-9637-45F3-9D51-E7C5662DEE9A}.Debug|Any CPU.Build.0 = Debug|Any CPU
		{A770FC78-9637-45F3-9D51-E7C5662DEE9A}.Release|Any CPU.ActiveCfg = Release|Any CPU
		{A770FC78-9637-45F3-9D51-E7C5662DEE9A}.Release|Any CPU.Build.0 = Release|Any CPU
		{1545F1A6-9DFD-46E8-9596-16081EA3D671}.Debug|Any CPU.ActiveCfg = Debug|Any CPU
		{1545F1A6-9DFD-46E8-9596-16081EA3D671}.Debug|Any CPU.Build.0 = Debug|Any CPU
		{1545F1A6-9DFD-46E8-9596-16081EA3D671}.Release|Any CPU.ActiveCfg = Release|Any CPU
		{1545F1A6-9DFD-46E8-9596-16081EA3D671}.Release|Any CPU.Build.0 = Release|Any CPU
	EndGlobalSection
	GlobalSection(SolutionProperties) = preSolution
		HideSolutionNode = FALSE
	EndGlobalSection
	GlobalSection(ExtensibilityGlobals) = postSolution
		SolutionGuid = {CDC6C465-A8E9-4370-9868-79CD95AF20D3}
	EndGlobalSection
EndGlobal
